
Microsoft Visual Studio Solution File, Format Version 12.00
# Visual Studio Version 16
VisualStudioVersion = 16.0.29519.181
MinimumVisualStudioVersion = 10.0.40219.1
Project("{9A19103F-16F7-4668-BE54-9A1E7A4F7556}") = "Dev.Samples.Grpc.Server", "Dev.Samples.Grpc\Dev.Samples.Grpc.Server.csproj", "{628B9CCE-2C21-4B81-9D80-A154F2013134}"
EndProject
Project("{FAE04EC0-301F-11D3-BF4B-00C04F79EFBC}") = "Dev.Samples.Grpc.Client", "Dev.Samples.Grpc.Client\Dev.Samples.Grpc.Client.csproj", "{0186C887-4E10-4874-8F11-A5477791504D}"
EndProject
Project("{FAE04EC0-301F-11D3-BF4B-00C04F79EFBC}") = "Dev.Samples.Grpc.Contracts", "Dev.Samples.Grpc.Contracts\Dev.Samples.Grpc.Contracts.csproj", "{9112E5B2-FC41-4BDC-920C-12801CF8D30F}"
EndProject
Global
	GlobalSection(SolutionConfigurationPlatforms) = preSolution
		Debug|Any CPU = Debug|Any CPU
		Release|Any CPU = Release|Any CPU
	EndGlobalSection
	GlobalSection(ProjectConfigurationPlatforms) = postSolution
		{628B9CCE-2C21-4B81-9D80-A154F2013134}.Debug|Any CPU.ActiveCfg = Debug|Any CPU
		{628B9CCE-2C21-4B81-9D80-A154F2013134}.Debug|Any CPU.Build.0 = Debug|Any CPU
		{628B9CCE-2C21-4B81-9D80-A154F2013134}.Release|Any CPU.ActiveCfg = Release|Any CPU
		{628B9CCE-2C21-4B81-9D80-A154F2013134}.Release|Any CPU.Build.0 = Release|Any CPU
		{0186C887-4E10-4874-8F11-A5477791504D}.Debug|Any CPU.ActiveCfg = Debug|Any CPU
		{0186C887-4E10-4874-8F11-A5477791504D}.Debug|Any CPU.Build.0 = Debug|Any CPU
		{0186C887-4E10-4874-8F11-A5477791504D}.Release|Any CPU.ActiveCfg = Release|Any CPU
		{0186C887-4E10-4874-8F11-A5477791504D}.Release|Any CPU.Build.0 = Release|Any CPU
		{9112E5B2-FC41-4BDC-920C-12801CF8D30F}.Debug|Any CPU.ActiveCfg = Debug|Any CPU
		{9112E5B2-FC41-4BDC-920C-12801CF8D30F}.Debug|Any CPU.Build.0 = Debug|Any CPU
		{9112E5B2-FC41-4BDC-920C-12801CF8D30F}.Release|Any CPU.ActiveCfg = Release|Any CPU
		{9112E5B2-FC41-4BDC-920C-12801CF8D30F}.Release|Any CPU.Build.0 = Release|Any CPU
	EndGlobalSection
	GlobalSection(SolutionProperties) = preSolution
		HideSolutionNode = FALSE
	EndGlobalSection
	GlobalSection(ExtensibilityGlobals) = postSolution
		SolutionGuid = {90513B30-43BF-4F36-9AFB-CA437C2E73DA}
	EndGlobalSection
EndGlobal
